
Microsoft Visual Studio Solution File, Format Version 12.00
# Visual Studio 15
VisualStudioVersion = 15.0.27004.2006
MinimumVisualStudioVersion = 10.0.40219.1
Project("{FAE04EC0-301F-11D3-BF4B-00C04F79EFBC}") = "NNTP Client", "NNTP Client\NNTP Client.csproj", "{07C0A1AC-4A96-432F-BDE5-5D40BD91C881}"
EndProject
Project("{FAE04EC0-301F-11D3-BF4B-00C04F79EFBC}") = "NNTP Client Tests", "NNTP Client Tests\NNTP Client Tests.csproj", "{EE1FA52B-556F-43AA-97C1-8E73CF26C8CE}"
EndProject
Global
	GlobalSection(SolutionConfigurationPlatforms) = preSolution
		Debug|Any CPU = Debug|Any CPU
		Release|Any CPU = Release|Any CPU
	EndGlobalSection
	GlobalSection(ProjectConfigurationPlatforms) = postSolution
		{07C0A1AC-4A96-432F-BDE5-5D40BD91C881}.Debug|Any CPU.ActiveCfg = Debug|Any CPU
		{07C0A1AC-4A96-432F-BDE5-5D40BD91C881}.Debug|Any CPU.Build.0 = Debug|Any CPU
		{07C0A1AC-4A96-432F-BDE5-5D40BD91C881}.Release|Any CPU.ActiveCfg = Release|Any CPU
		{07C0A1AC-4A96-432F-BDE5-5D40BD91C881}.Release|Any CPU.Build.0 = Release|Any CPU
		{EE1FA52B-556F-43AA-97C1-8E73CF26C8CE}.Debug|Any CPU.ActiveCfg = Debug|Any CPU
		{EE1FA52B-556F-43AA-97C1-8E73CF26C8CE}.Debug|Any CPU.Build.0 = Debug|Any CPU
		{EE1FA52B-556F-43AA-97C1-8E73CF26C8CE}.Release|Any CPU.ActiveCfg = Release|Any CPU
		{EE1FA52B-556F-43AA-97C1-8E73CF26C8CE}.Release|Any CPU.Build.0 = Release|Any CPU
	EndGlobalSection
	GlobalSection(SolutionProperties) = preSolution
		HideSolutionNode = FALSE
	EndGlobalSection
	GlobalSection(ExtensibilityGlobals) = postSolution
		SolutionGuid = {7EB007FB-635E-4B7D-A8E4-47B5D6BCD556}
	EndGlobalSection
EndGlobal
